
Microsoft Visual Studio Solution File, Format Version 12.00
# Visual Studio Version 16
VisualStudioVersion = 16.0.30011.22
MinimumVisualStudioVersion = 10.0.40219.1
Project("{9A19103F-16F7-4668-BE54-9A1E7A4F7556}") = "LearnDocCSharp", "LearnDocCSharp\LearnDocCSharp.csproj", "{F91F3F9E-9F1B-465A-9F20-184464D230C5}"
EndProject
Project("{9A19103F-16F7-4668-BE54-9A1E7A4F7556}") = "ClassProject", "ClassProject\ClassProject.csproj", "{6DF9382D-1A67-4D95-B6DC-CE9735E188CE}"
EndProject
Project("{9A19103F-16F7-4668-BE54-9A1E7A4F7556}") = "ObjectOrientedProgrammingProject", "ObjectOrientedProgrammingProject\ObjectOrientedProgrammingProject.csproj", "{D8711A2A-684A-4D7D-9895-63551C7A0A31}"
EndProject
Project("{9A19103F-16F7-4668-BE54-9A1E7A4F7556}") = "RecordTypeProject", "RecordTypeProject\RecordTypeProject.csproj", "{4B5C31E5-7DAF-4AC6-BD6B-3F78EC181A13}"
EndProject
Project("{9A19103F-16F7-4668-BE54-9A1E7A4F7556}") = "TopLevelStatements", "TopLevelStatements\TopLevelStatements.csproj", "{BB4750DF-074B-4354-8E0F-C491385D9857}"
EndProject
Project("{9A19103F-16F7-4668-BE54-9A1E7A4F7556}") = "PatternObjectsProject", "PatternObjectsProject\PatternObjectsProject.csproj", "{007E9AB4-B148-4D44-8047-08889D4E9485}"
EndProject
Project("{9A19103F-16F7-4668-BE54-9A1E7A4F7556}") = "CustomerRelationshipProject", "CustomerRelationshipProject\CustomerRelationshipProject.csproj", "{89200F78-C82E-4763-9D80-9C87C2FC44A3}"
EndProject
Project("{9A19103F-16F7-4668-BE54-9A1E7A4F7556}") = "MixinsWithInterfacesProject", "MixinsWithInterfacesProject\MixinsWithInterfacesProject.csproj", "{8F5C0F42-637B-45B4-95C0-75164D8BF457}"
EndProject
Project("{9A19103F-16F7-4668-BE54-9A1E7A4F7556}") = "RangesIndexes", "RangesIndexes\RangesIndexes.csproj", "{3F6DE8E7-D74F-4FC0-9B1C-C98D515A1E6E}"
EndProject
Project("{FAE04EC0-301F-11D3-BF4B-00C04F79EFBC}") = "GenerateConsumeAsynchronousStreams", "GenerateConsumeAsynchronousStreams\GenerateConsumeAsynchronousStreams.csproj", "{E2496FFD-918E-421B-ADAF-B99D8598BFEA}"
EndProject
Global
	GlobalSection(SolutionConfigurationPlatforms) = preSolution
		Debug|Any CPU = Debug|Any CPU
		Release|Any CPU = Release|Any CPU
	EndGlobalSection
	GlobalSection(ProjectConfigurationPlatforms) = postSolution
		{F91F3F9E-9F1B-465A-9F20-184464D230C5}.Debug|Any CPU.ActiveCfg = Debug|Any CPU
		{F91F3F9E-9F1B-465A-9F20-184464D230C5}.Debug|Any CPU.Build.0 = Debug|Any CPU
		{F91F3F9E-9F1B-465A-9F20-184464D230C5}.Release|Any CPU.ActiveCfg = Release|Any CPU
		{F91F3F9E-9F1B-465A-9F20-184464D230C5}.Release|Any CPU.Build.0 = Release|Any CPU
		{6DF9382D-1A67-4D95-B6DC-CE9735E188CE}.Debug|Any CPU.ActiveCfg = Debug|Any CPU
		{6DF9382D-1A67-4D95-B6DC-CE9735E188CE}.Debug|Any CPU.Build.0 = Debug|Any CPU
		{6DF9382D-1A67-4D95-B6DC-CE9735E188CE}.Release|Any CPU.ActiveCfg = Release|Any CPU
		{6DF9382D-1A67-4D95-B6DC-CE9735E188CE}.Release|Any CPU.Build.0 = Release|Any CPU
		{D8711A2A-684A-4D7D-9895-63551C7A0A31}.Debug|Any CPU.ActiveCfg = Debug|Any CPU
		{D8711A2A-684A-4D7D-9895-63551C7A0A31}.Debug|Any CPU.Build.0 = Debug|Any CPU
		{D8711A2A-684A-4D7D-9895-63551C7A0A31}.Release|Any CPU.ActiveCfg = Release|Any CPU
		{D8711A2A-684A-4D7D-9895-63551C7A0A31}.Release|Any CPU.Build.0 = Release|Any CPU
		{4B5C31E5-7DAF-4AC6-BD6B-3F78EC181A13}.Debug|Any CPU.ActiveCfg = Debug|Any CPU
		{4B5C31E5-7DAF-4AC6-BD6B-3F78EC181A13}.Debug|Any CPU.Build.0 = Debug|Any CPU
		{4B5C31E5-7DAF-4AC6-BD6B-3F78EC181A13}.Release|Any CPU.ActiveCfg = Release|Any CPU
		{4B5C31E5-7DAF-4AC6-BD6B-3F78EC181A13}.Release|Any CPU.Build.0 = Release|Any CPU
		{BB4750DF-074B-4354-8E0F-C491385D9857}.Debug|Any CPU.ActiveCfg = Debug|Any CPU
		{BB4750DF-074B-4354-8E0F-C491385D9857}.Debug|Any CPU.Build.0 = Debug|Any CPU
		{BB4750DF-074B-4354-8E0F-C491385D9857}.Release|Any CPU.ActiveCfg = Release|Any CPU
		{BB4750DF-074B-4354-8E0F-C491385D9857}.Release|Any CPU.Build.0 = Release|Any CPU
		{007E9AB4-B148-4D44-8047-08889D4E9485}.Debug|Any CPU.ActiveCfg = Debug|Any CPU
		{007E9AB4-B148-4D44-8047-08889D4E9485}.Debug|Any CPU.Build.0 = Debug|Any CPU
		{007E9AB4-B148-4D44-8047-08889D4E9485}.Release|Any CPU.ActiveCfg = Release|Any CPU
		{007E9AB4-B148-4D44-8047-08889D4E9485}.Release|Any CPU.Build.0 = Release|Any CPU
		{89200F78-C82E-4763-9D80-9C87C2FC44A3}.Debug|Any CPU.ActiveCfg = Debug|Any CPU
		{89200F78-C82E-4763-9D80-9C87C2FC44A3}.Debug|Any CPU.Build.0 = Debug|Any CPU
		{89200F78-C82E-4763-9D80-9C87C2FC44A3}.Release|Any CPU.ActiveCfg = Release|Any CPU
		{89200F78-C82E-4763-9D80-9C87C2FC44A3}.Release|Any CPU.Build.0 = Release|Any CPU
		{8F5C0F42-637B-45B4-95C0-75164D8BF457}.Debug|Any CPU.ActiveCfg = Debug|Any CPU
		{8F5C0F42-637B-45B4-95C0-75164D8BF457}.Debug|Any CPU.Build.0 = Debug|Any CPU
		{8F5C0F42-637B-45B4-95C0-75164D8BF457}.Release|Any CPU.ActiveCfg = Release|Any CPU
		{8F5C0F42-637B-45B4-95C0-75164D8BF457}.Release|Any CPU.Build.0 = Release|Any CPU
		{3F6DE8E7-D74F-4FC0-9B1C-C98D515A1E6E}.Debug|Any CPU.ActiveCfg = Debug|Any CPU
		{3F6DE8E7-D74F-4FC0-9B1C-C98D515A1E6E}.Debug|Any CPU.Build.0 = Debug|Any CPU
		{3F6DE8E7-D74F-4FC0-9B1C-C98D515A1E6E}.Release|Any CPU.ActiveCfg = Release|Any CPU
		{3F6DE8E7-D74F-4FC0-9B1C-C98D515A1E6E}.Release|Any CPU.Build.0 = Release|Any CPU
		{E2496FFD-918E-421B-ADAF-B99D8598BFEA}.Debug|Any CPU.ActiveCfg = Debug|Any CPU
		{E2496FFD-918E-421B-ADAF-B99D8598BFEA}.Debug|Any CPU.Build.0 = Debug|Any CPU
		{E2496FFD-918E-421B-ADAF-B99D8598BFEA}.Release|Any CPU.ActiveCfg = Release|Any CPU
		{E2496FFD-918E-421B-ADAF-B99D8598BFEA}.Release|Any CPU.Build.0 = Release|Any CPU
	EndGlobalSection
	GlobalSection(SolutionProperties) = preSolution
		HideSolutionNode = FALSE
	EndGlobalSection
	GlobalSection(ExtensibilityGlobals) = postSolution
		SolutionGuid = {2A6F9B36-E443-4F08-B69F-60A5E72BF396}
	EndGlobalSection
EndGlobal
